{
  "name": "tests",
  "version": "1.0.0",
  "lockfileVersion": 2,
  "requires": true,
  "packages": {
    "": {
      "name": "tests",
      "version": "1.0.0",
      "dependencies": {
        "@whilethiscompiles/calendar": "file:../calendar"
      }
    },
    "../calendar": {
      "version": "0.0.2",
      "dependencies": {
        "dayjs": "^1.11.2"
      },
      "devDependencies": {
        "@types/node": "^17.0.38",
        "@typescript-eslint/eslint-plugin": "^5.27.0",
        "@typescript-eslint/parser": "^5.27.0",
        "eslint": "^8.16.0",
        "eslint-config-prettier": "^8.5.0",
        "eslint-plugin-prettier": "^4.0.0",
        "prettier": "^2.6.2",
        "typescript": "^4.7.2"
      }
    },
    "node_modules/@whilethiscompiles/calendar": {
      "resolved": "../calendar",
      "link": true
    }
  },
  "dependencies": {
    "@whilethiscompiles/calendar": {
      "version": "file:../calendar",
      "requires": {
        "@types/node": "^17.0.38",
        "@typescript-eslint/eslint-plugin": "^5.27.0",
        "@typescript-eslint/parser": "^5.27.0",
        "dayjs": "^1.11.2",
        "eslint": "^8.16.0",
        "eslint-config-prettier": "^8.5.0",
        "eslint-plugin-prettier": "^4.0.0",
        "prettier": "^2.6.2",
        "typescript": "^4.7.2"
      }
    }
  }
}
